
Microsoft Visual Studio Solution File, Format Version 12.00
# Visual Studio Version 16
VisualStudioVersion = 16.0.30114.105
MinimumVisualStudioVersion = 10.0.40219.1
Project("{2150E333-8FDC-42A3-9474-1A3956D46DE8}") = "src", "src", "{DBD4E4E4-ABC4-49CE-A388-E3AF54F6484B}"
EndProject
Project("{FAE04EC0-301F-11D3-BF4B-00C04F79EFBC}") = "AluraChallengeBackEnd.Domain", "src\AluraChallengeBackEnd.Domain\AluraChallengeBackEnd.Domain.csproj", "{FC44638D-1E54-46A0-83EF-AC54F701333D}"
EndProject
Project("{FAE04EC0-301F-11D3-BF4B-00C04F79EFBC}") = "AluraChallengeBackEnd.Data", "src\AluraChallengeBackEnd.Data\AluraChallengeBackEnd.Data.csproj", "{0BEA32A3-EEB9-4DC5-A75B-FDFFBAA6DB4C}"
EndProject
Project("{FAE04EC0-301F-11D3-BF4B-00C04F79EFBC}") = "AluraChallengeBackEnd.Core", "src\AluraChallengeBackEnd.Core\AluraChallengeBackEnd.Core.csproj", "{50CF8FAD-FA0E-4F15-B37A-C1B3639038C3}"
EndProject
Project("{FAE04EC0-301F-11D3-BF4B-00C04F79EFBC}") = "AluraChallengeBackEnd.Api", "src\AluraChallengeBackEnd.Api\AluraChallengeBackEnd.Api.csproj", "{C82D0622-0B49-450B-BB8E-87B20B20A922}"
EndProject
Project("{2150E333-8FDC-42A3-9474-1A3956D46DE8}") = "tests", "tests", "{2F9CCBE6-AF0E-4EE3-8CBB-43A374C5888F}"
EndProject
Project("{FAE04EC0-301F-11D3-BF4B-00C04F79EFBC}") = "AluraChallengeBackEnd.Domain.Tests", "tests\AluraChallengeBackEnd.Domain.Tests\AluraChallengeBackEnd.Domain.Tests.csproj", "{69C4D051-4683-4F3A-AE27-DF30142FCA5C}"
EndProject
Global
	GlobalSection(SolutionConfigurationPlatforms) = preSolution
		Debug|Any CPU = Debug|Any CPU
		Release|Any CPU = Release|Any CPU
	EndGlobalSection
	GlobalSection(SolutionProperties) = preSolution
		HideSolutionNode = FALSE
	EndGlobalSection
	GlobalSection(ProjectConfigurationPlatforms) = postSolution
		{FC44638D-1E54-46A0-83EF-AC54F701333D}.Debug|Any CPU.ActiveCfg = Debug|Any CPU
		{FC44638D-1E54-46A0-83EF-AC54F701333D}.Debug|Any CPU.Build.0 = Debug|Any CPU
		{FC44638D-1E54-46A0-83EF-AC54F701333D}.Release|Any CPU.ActiveCfg = Release|Any CPU
		{FC44638D-1E54-46A0-83EF-AC54F701333D}.Release|Any CPU.Build.0 = Release|Any CPU
		{0BEA32A3-EEB9-4DC5-A75B-FDFFBAA6DB4C}.Debug|Any CPU.ActiveCfg = Debug|Any CPU
		{0BEA32A3-EEB9-4DC5-A75B-FDFFBAA6DB4C}.Debug|Any CPU.Build.0 = Debug|Any CPU
		{0BEA32A3-EEB9-4DC5-A75B-FDFFBAA6DB4C}.Release|Any CPU.ActiveCfg = Release|Any CPU
		{0BEA32A3-EEB9-4DC5-A75B-FDFFBAA6DB4C}.Release|Any CPU.Build.0 = Release|Any CPU
		{50CF8FAD-FA0E-4F15-B37A-C1B3639038C3}.Debug|Any CPU.ActiveCfg = Debug|Any CPU
		{50CF8FAD-FA0E-4F15-B37A-C1B3639038C3}.Debug|Any CPU.Build.0 = Debug|Any CPU
		{50CF8FAD-FA0E-4F15-B37A-C1B3639038C3}.Release|Any CPU.ActiveCfg = Release|Any CPU
		{50CF8FAD-FA0E-4F15-B37A-C1B3639038C3}.Release|Any CPU.Build.0 = Release|Any CPU
		{C82D0622-0B49-450B-BB8E-87B20B20A922}.Debug|Any CPU.ActiveCfg = Debug|Any CPU
		{C82D0622-0B49-450B-BB8E-87B20B20A922}.Debug|Any CPU.Build.0 = Debug|Any CPU
		{C82D0622-0B49-450B-BB8E-87B20B20A922}.Release|Any CPU.ActiveCfg = Release|Any CPU
		{C82D0622-0B49-450B-BB8E-87B20B20A922}.Release|Any CPU.Build.0 = Release|Any CPU
		{69C4D051-4683-4F3A-AE27-DF30142FCA5C}.Debug|Any CPU.ActiveCfg = Debug|Any CPU
		{69C4D051-4683-4F3A-AE27-DF30142FCA5C}.Debug|Any CPU.Build.0 = Debug|Any CPU
		{69C4D051-4683-4F3A-AE27-DF30142FCA5C}.Release|Any CPU.ActiveCfg = Release|Any CPU
		{69C4D051-4683-4F3A-AE27-DF30142FCA5C}.Release|Any CPU.Build.0 = Release|Any CPU
	EndGlobalSection
	GlobalSection(NestedProjects) = preSolution
		{FC44638D-1E54-46A0-83EF-AC54F701333D} = {DBD4E4E4-ABC4-49CE-A388-E3AF54F6484B}
		{0BEA32A3-EEB9-4DC5-A75B-FDFFBAA6DB4C} = {DBD4E4E4-ABC4-49CE-A388-E3AF54F6484B}
		{50CF8FAD-FA0E-4F15-B37A-C1B3639038C3} = {DBD4E4E4-ABC4-49CE-A388-E3AF54F6484B}
		{C82D0622-0B49-450B-BB8E-87B20B20A922} = {DBD4E4E4-ABC4-49CE-A388-E3AF54F6484B}
		{69C4D051-4683-4F3A-AE27-DF30142FCA5C} = {2F9CCBE6-AF0E-4EE3-8CBB-43A374C5888F}
	EndGlobalSection
EndGlobal
